
Microsoft Visual Studio Solution File, Format Version 12.00
# Visual Studio Version 17
VisualStudioVersion = 17.8.34316.72
MinimumVisualStudioVersion = 10.0.40219.1
Project("{FAE04EC0-301F-11D3-BF4B-00C04F79EFBC}") = "Apps", "Apps.csproj", "{68F1B619-7515-417A-A57A-8862DC7B7954}"
EndProject
Global
	GlobalSection(SolutionConfigurationPlatforms) = preSolution
		Debug|Any CPU = Debug|Any CPU
		Release|Any CPU = Release|Any CPU
	EndGlobalSection
	GlobalSection(ProjectConfigurationPlatforms) = postSolution
		{68F1B619-7515-417A-A57A-8862DC7B7954}.Debug|Any CPU.ActiveCfg = Debug|Any CPU
		{68F1B619-7515-417A-A57A-8862DC7B7954}.Debug|Any CPU.Build.0 = Debug|Any CPU
		{68F1B619-7515-417A-A57A-8862DC7B7954}.Release|Any CPU.ActiveCfg = Release|Any CPU
		{68F1B619-7515-417A-A57A-8862DC7B7954}.Release|Any CPU.Build.0 = Release|Any CPU
	EndGlobalSection
	GlobalSection(SolutionProperties) = preSolution
		HideSolutionNode = FALSE
	EndGlobalSection
	GlobalSection(ExtensibilityGlobals) = postSolution
		SolutionGuid = {DC06E72A-A920-458D-8750-60D3DE9012B5}
	EndGlobalSection
EndGlobal
